
Microsoft Visual Studio Solution File, Format Version 12.00
# Visual Studio Version 17
VisualStudioVersion = 17.0.31903.59
MinimumVisualStudioVersion = 10.0.40219.1
Project("{2150E333-8FDC-42A3-9474-1A3956D46DE8}") = "src", "src", "{400BE733-2B0E-4DF3-9075-FE39764CEFFA}"
EndProject
Project("{FAE04EC0-301F-11D3-BF4B-00C04F79EFBC}") = "MatchGenerator", "src\MatchGenerator\MatchGenerator.csproj", "{158853AF-92BD-4C57-9D7B-D6973F065474}"
EndProject
Project("{FAE04EC0-301F-11D3-BF4B-00C04F79EFBC}") = "Testing", "Testing\Testing.csproj", "{E209E058-3803-4F0E-A6B7-44558C6C1A19}"
EndProject
Global
	GlobalSection(SolutionConfigurationPlatforms) = preSolution
		Debug|Any CPU = Debug|Any CPU
		Release|Any CPU = Release|Any CPU
	EndGlobalSection
	GlobalSection(SolutionProperties) = preSolution
		HideSolutionNode = FALSE
	EndGlobalSection
	GlobalSection(ProjectConfigurationPlatforms) = postSolution
		{158853AF-92BD-4C57-9D7B-D6973F065474}.Debug|Any CPU.ActiveCfg = Debug|Any CPU
		{158853AF-92BD-4C57-9D7B-D6973F065474}.Debug|Any CPU.Build.0 = Debug|Any CPU
		{158853AF-92BD-4C57-9D7B-D6973F065474}.Release|Any CPU.ActiveCfg = Release|Any CPU
		{158853AF-92BD-4C57-9D7B-D6973F065474}.Release|Any CPU.Build.0 = Release|Any CPU
		{E209E058-3803-4F0E-A6B7-44558C6C1A19}.Debug|Any CPU.ActiveCfg = Debug|Any CPU
		{E209E058-3803-4F0E-A6B7-44558C6C1A19}.Debug|Any CPU.Build.0 = Debug|Any CPU
		{E209E058-3803-4F0E-A6B7-44558C6C1A19}.Release|Any CPU.ActiveCfg = Release|Any CPU
		{E209E058-3803-4F0E-A6B7-44558C6C1A19}.Release|Any CPU.Build.0 = Release|Any CPU
	EndGlobalSection
	GlobalSection(NestedProjects) = preSolution
		{158853AF-92BD-4C57-9D7B-D6973F065474} = {400BE733-2B0E-4DF3-9075-FE39764CEFFA}
	EndGlobalSection
EndGlobal
